
Microsoft Visual Studio Solution File, Format Version 12.00
# Visual Studio 15
VisualStudioVersion = 15.0.27703.2042
MinimumVisualStudioVersion = 10.0.40219.1
Project("{FAE04EC0-301F-11D3-BF4B-00C04F79EFBC}") = "RuntimeAppLanguage", "RuntimeAppLanguage\RuntimeAppLanguage.csproj", "{50880E8D-FAEF-4303-855A-D25FA228D43B}"
EndProject
Global
	GlobalSection(SolutionConfigurationPlatforms) = preSolution
		Debug|Any CPU = Debug|Any CPU
		Release|Any CPU = Release|Any CPU
	EndGlobalSection
	GlobalSection(ProjectConfigurationPlatforms) = postSolution
		{50880E8D-FAEF-4303-855A-D25FA228D43B}.Debug|Any CPU.ActiveCfg = Debug|Any CPU
		{50880E8D-FAEF-4303-855A-D25FA228D43B}.Debug|Any CPU.Build.0 = Debug|Any CPU
		{50880E8D-FAEF-4303-855A-D25FA228D43B}.Debug|Any CPU.Deploy.0 = Debug|Any CPU
		{50880E8D-FAEF-4303-855A-D25FA228D43B}.Release|Any CPU.ActiveCfg = Release|Any CPU
		{50880E8D-FAEF-4303-855A-D25FA228D43B}.Release|Any CPU.Build.0 = Release|Any CPU
		{50880E8D-FAEF-4303-855A-D25FA228D43B}.Release|Any CPU.Deploy.0 = Release|Any CPU
	EndGlobalSection
	GlobalSection(SolutionProperties) = preSolution
		HideSolutionNode = FALSE
	EndGlobalSection
	GlobalSection(ExtensibilityGlobals) = postSolution
		SolutionGuid = {C439C47D-962E-450C-9114-D107B7D08776}
	EndGlobalSection
EndGlobal
